{
    "_readme": [
        "This file locks the dependencies of your project to a known state",
        "Read more about it at https://getcomposer.org/doc/01-basic-usage.md#composer-lock-the-lock-file",
        "This file is @generated automatically"
    ],
    "hash": "6bd667a666c6c078ecc7069ac750c0c2",
    "content-hash": "1131c53433714218645f9bb46bc13335",
    "packages": [
        {
            "name": "datto/protobuf-php",
            "version": "dev-master",
            "source": {
                "type": "git",
                "url": "https://github.com/stanley-cheung/Protobuf-PHP.git",
                "reference": "c3831c8ef5053f7d9ff2a4f1d3d4082579f2de36"
            },
            "dist": {
                "type": "zip",
                "url": "https://api.github.com/repos/stanley-cheung/Protobuf-PHP/zipball/c3831c8ef5053f7d9ff2a4f1d3d4082579f2de36",
                "reference": "c3831c8ef5053f7d9ff2a4f1d3d4082579f2de36",
                "shasum": ""
            },
            "require": {
                "php": ">=5.3.0"
            },
            "bin": [
                "protoc-gen-php.bat",
                "protoc-gen-php.php"
            ],
            "type": "library",
            "extra": {
                "branch-alias": {
                    "dev-master": "1.0-dev"
                }
            },
            "autoload": {
                "psr-0": {
                    "DrSlump": "library/"
                }
            },
            "license": [
                "MIT"
            ],
            "authors": [
                {
                    "name": "Iván -DrSlump- Montes",
                    "email": "drslump@pollinimini.net",
                    "homepage": "https://github.com/drslump/Protobuf-PHP"
                }
            ],
            "description": "PHP implementation of Google's Protocol Buffers",
            "homepage": "https://github.com/datto/Protobuf-PHP",
            "keywords": [
                "protobuf",
                "protocol buffer",
                "serializing"
            ],
            "support": {
                "source": "https://github.com/stanley-cheung/Protobuf-PHP/tree/master"
            },
            "time": "2015-09-02 21:48:37"
        }
    ],
    "packages-dev": [],
    "aliases": [],
    "minimum-stability": "stable",
    "stability-flags": {
        "datto/protobuf-php": 20
    },
    "prefer-stable": false,
    "prefer-lowest": false,
    "platform": [],
    "platform-dev": []
}
